
Microsoft Visual Studio Solution File, Format Version 12.00
# Visual Studio 15
VisualStudioVersion = 15.0.27428.2037
MinimumVisualStudioVersion = 10.0.40219.1
Project("{8BC9CEB8-8B4A-11D0-8D11-00A0C91BC942}") = "ConsoleApplication39", "ConsoleApplication39\ConsoleApplication39.vcxproj", "{936DBD59-FFFE-4488-9F0C-984987BB2642}"
EndProject
Global
	GlobalSection(SolutionConfigurationPlatforms) = preSolution
		Debug|x64 = Debug|x64
		Debug|x86 = Debug|x86
		Release|x64 = Release|x64
		Release|x86 = Release|x86
	EndGlobalSection
	GlobalSection(ProjectConfigurationPlatforms) = postSolution
		{936DBD59-FFFE-4488-9F0C-984987BB2642}.Debug|x64.ActiveCfg = Debug|x64
		{936DBD59-FFFE-4488-9F0C-984987BB2642}.Debug|x64.Build.0 = Debug|x64
		{936DBD59-FFFE-4488-9F0C-984987BB2642}.Debug|x86.ActiveCfg = Debug|Win32
		{936DBD59-FFFE-4488-9F0C-984987BB2642}.Debug|x86.Build.0 = Debug|Win32
		{936DBD59-FFFE-4488-9F0C-984987BB2642}.Release|x64.ActiveCfg = Release|x64
		{936DBD59-FFFE-4488-9F0C-984987BB2642}.Release|x64.Build.0 = Release|x64
		{936DBD59-FFFE-4488-9F0C-984987BB2642}.Release|x86.ActiveCfg = Release|Win32
		{936DBD59-FFFE-4488-9F0C-984987BB2642}.Release|x86.Build.0 = Release|Win32
	EndGlobalSection
	GlobalSection(SolutionProperties) = preSolution
		HideSolutionNode = FALSE
	EndGlobalSection
	GlobalSection(ExtensibilityGlobals) = postSolution
		SolutionGuid = {F03DD1C9-3EEA-4191-BF4C-8D1347B86E81}
	EndGlobalSection
EndGlobal
